
Microsoft Visual Studio Solution File, Format Version 12.00
# Visual Studio Version 16
VisualStudioVersion = 25.0.1704.2
MinimumVisualStudioVersion = 10.0.40219.1
Project("{2150E333-8FDC-42A3-9474-1A3956D46DE8}") = "src", "src", "{125DD51E-0116-4196-BCB0-14CD47077160}"
EndProject
Project("{FAE04EC0-301F-11D3-BF4B-00C04F79EFBC}") = "publicapi", "src\publicapi\publicapi.csproj", "{956DFD87-386E-45E4-9DF1-E598E6117A7F}"
EndProject
Project("{FAE04EC0-301F-11D3-BF4B-00C04F79EFBC}") = "infrastructure", "src\infrastructure\infrastructure.csproj", "{FBAFACB3-E672-41F1-9B19-2527B1391B13}"
EndProject
Global
	GlobalSection(SolutionProperties) = preSolution
		HideSolutionNode = FALSE
	EndGlobalSection
	GlobalSection(ExtensibilityGlobals) = postSolution
		SolutionGuid = {CE87970C-1EA5-4C31-ACB5-197D809D7A96}
	EndGlobalSection
	GlobalSection(SolutionConfigurationPlatforms) = preSolution
		Debug|Any CPU = Debug|Any CPU
		Debug|x64 = Debug|x64
		Debug|x86 = Debug|x86
		Release|Any CPU = Release|Any CPU
		Release|x64 = Release|x64
		Release|x86 = Release|x86
	EndGlobalSection
	GlobalSection(ProjectConfigurationPlatforms) = postSolution
		{956DFD87-386E-45E4-9DF1-E598E6117A7F}.Debug|Any CPU.ActiveCfg = Debug|Any CPU
		{956DFD87-386E-45E4-9DF1-E598E6117A7F}.Debug|Any CPU.Build.0 = Debug|Any CPU
		{956DFD87-386E-45E4-9DF1-E598E6117A7F}.Debug|x64.ActiveCfg = Debug|Any CPU
		{956DFD87-386E-45E4-9DF1-E598E6117A7F}.Debug|x64.Build.0 = Debug|Any CPU
		{956DFD87-386E-45E4-9DF1-E598E6117A7F}.Debug|x86.ActiveCfg = Debug|Any CPU
		{956DFD87-386E-45E4-9DF1-E598E6117A7F}.Debug|x86.Build.0 = Debug|Any CPU
		{956DFD87-386E-45E4-9DF1-E598E6117A7F}.Release|Any CPU.ActiveCfg = Release|Any CPU
		{956DFD87-386E-45E4-9DF1-E598E6117A7F}.Release|Any CPU.Build.0 = Release|Any CPU
		{956DFD87-386E-45E4-9DF1-E598E6117A7F}.Release|x64.ActiveCfg = Release|Any CPU
		{956DFD87-386E-45E4-9DF1-E598E6117A7F}.Release|x64.Build.0 = Release|Any CPU
		{956DFD87-386E-45E4-9DF1-E598E6117A7F}.Release|x86.ActiveCfg = Release|Any CPU
		{956DFD87-386E-45E4-9DF1-E598E6117A7F}.Release|x86.Build.0 = Release|Any CPU
		{FBAFACB3-E672-41F1-9B19-2527B1391B13}.Debug|Any CPU.ActiveCfg = Debug|Any CPU
		{FBAFACB3-E672-41F1-9B19-2527B1391B13}.Debug|Any CPU.Build.0 = Debug|Any CPU
		{FBAFACB3-E672-41F1-9B19-2527B1391B13}.Debug|x64.ActiveCfg = Debug|Any CPU
		{FBAFACB3-E672-41F1-9B19-2527B1391B13}.Debug|x64.Build.0 = Debug|Any CPU
		{FBAFACB3-E672-41F1-9B19-2527B1391B13}.Debug|x86.ActiveCfg = Debug|Any CPU
		{FBAFACB3-E672-41F1-9B19-2527B1391B13}.Debug|x86.Build.0 = Debug|Any CPU
		{FBAFACB3-E672-41F1-9B19-2527B1391B13}.Release|Any CPU.ActiveCfg = Release|Any CPU
		{FBAFACB3-E672-41F1-9B19-2527B1391B13}.Release|Any CPU.Build.0 = Release|Any CPU
		{FBAFACB3-E672-41F1-9B19-2527B1391B13}.Release|x64.ActiveCfg = Release|Any CPU
		{FBAFACB3-E672-41F1-9B19-2527B1391B13}.Release|x64.Build.0 = Release|Any CPU
		{FBAFACB3-E672-41F1-9B19-2527B1391B13}.Release|x86.ActiveCfg = Release|Any CPU
		{FBAFACB3-E672-41F1-9B19-2527B1391B13}.Release|x86.Build.0 = Release|Any CPU
	EndGlobalSection
	GlobalSection(NestedProjects) = preSolution
		{956DFD87-386E-45E4-9DF1-E598E6117A7F} = {125DD51E-0116-4196-BCB0-14CD47077160}
		{FBAFACB3-E672-41F1-9B19-2527B1391B13} = {125DD51E-0116-4196-BCB0-14CD47077160}
	EndGlobalSection
EndGlobal
